
Microsoft Visual Studio Solution File, Format Version 12.00
# Visual Studio 15
VisualStudioVersion = 15.0.27703.2042
MinimumVisualStudioVersion = 10.0.40219.1
Project("{FAE04EC0-301F-11D3-BF4B-00C04F79EFBC}") = "discord.html", "discord.html\discord.html.csproj", "{F61343B8-8341-4759-ABCD-1153FC0154C2}"
EndProject
Global
	GlobalSection(SolutionConfigurationPlatforms) = preSolution
		Debug|Any CPU = Debug|Any CPU
		Release|Any CPU = Release|Any CPU
	EndGlobalSection
	GlobalSection(ProjectConfigurationPlatforms) = postSolution
		{F61343B8-8341-4759-ABCD-1153FC0154C2}.Debug|Any CPU.ActiveCfg = Debug|Any CPU
		{F61343B8-8341-4759-ABCD-1153FC0154C2}.Debug|Any CPU.Build.0 = Debug|Any CPU
		{F61343B8-8341-4759-ABCD-1153FC0154C2}.Release|Any CPU.ActiveCfg = Release|Any CPU
		{F61343B8-8341-4759-ABCD-1153FC0154C2}.Release|Any CPU.Build.0 = Release|Any CPU
	EndGlobalSection
	GlobalSection(SolutionProperties) = preSolution
		HideSolutionNode = FALSE
	EndGlobalSection
	GlobalSection(ExtensibilityGlobals) = postSolution
		SolutionGuid = {DB71F6DF-4B43-4255-85CC-FF243AF4CFFE}
	EndGlobalSection
EndGlobal
